
Microsoft Visual Studio Solution File, Format Version 12.00
# Visual Studio Version 16
VisualStudioVersion = 16.0.35325.158
MinimumVisualStudioVersion = 10.0.40219.1
Project("{FAE04EC0-301F-11D3-BF4B-00C04F79EFBC}") = "WebBanHang", "WebBanHang.csproj", "{841A9B3F-DFF1-4C1B-9833-7F74EF691FE5}"
EndProject
Global
	GlobalSection(SolutionConfigurationPlatforms) = preSolution
		Debug|Any CPU = Debug|Any CPU
		Release|Any CPU = Release|Any CPU
	EndGlobalSection
	GlobalSection(ProjectConfigurationPlatforms) = postSolution
		{841A9B3F-DFF1-4C1B-9833-7F74EF691FE5}.Debug|Any CPU.ActiveCfg = Debug|Any CPU
		{841A9B3F-DFF1-4C1B-9833-7F74EF691FE5}.Debug|Any CPU.Build.0 = Debug|Any CPU
		{841A9B3F-DFF1-4C1B-9833-7F74EF691FE5}.Release|Any CPU.ActiveCfg = Release|Any CPU
		{841A9B3F-DFF1-4C1B-9833-7F74EF691FE5}.Release|Any CPU.Build.0 = Release|Any CPU
	EndGlobalSection
	GlobalSection(SolutionProperties) = preSolution
		HideSolutionNode = FALSE
	EndGlobalSection
	GlobalSection(ExtensibilityGlobals) = postSolution
		SolutionGuid = {662CC018-788B-4DD3-9F68-BF146FB131A2}
	EndGlobalSection
EndGlobal
